
Microsoft Visual Studio Solution File, Format Version 11.00
# Visual Studio 2010
Project("{FAE04EC0-301F-11D3-BF4B-00C04F79EFBC}") = "XCRI.Validation", "XCRI.Validation\XCRI.Validation.csproj", "{C5D28A3F-4D66-400A-8243-4D23BEF5BC21}"
EndProject
Project("{FAE04EC0-301F-11D3-BF4B-00C04F79EFBC}") = "TestProject", "TestProject\TestProject.csproj", "{4BD9073B-8F73-4AD6-A222-CA17FB2D7270}"
EndProject
Project("{2150E333-8FDC-42A3-9474-1A3956D46DE8}") = "Solution Items", "Solution Items", "{AD26BA39-F762-4878-80A9-21C11DD0EB74}"
	ProjectSection(SolutionItems) = preProject
		Local.testsettings = Local.testsettings
		TraceAndTestImpact.testsettings = TraceAndTestImpact.testsettings
		XCRI.Validation.vsmdi = XCRI.Validation.vsmdi
	EndProjectSection
EndProject
Global
	GlobalSection(TestCaseManagementSettings) = postSolution
		CategoryFile = XCRI.Validation.vsmdi
	EndGlobalSection
	GlobalSection(SolutionConfigurationPlatforms) = preSolution
		Debug|Any CPU = Debug|Any CPU
		Debug|Mixed Platforms = Debug|Mixed Platforms
		Debug|x86 = Debug|x86
		Release|Any CPU = Release|Any CPU
		Release|Mixed Platforms = Release|Mixed Platforms
		Release|x86 = Release|x86
	EndGlobalSection
	GlobalSection(ProjectConfigurationPlatforms) = postSolution
		{C5D28A3F-4D66-400A-8243-4D23BEF5BC21}.Debug|Any CPU.ActiveCfg = Debug|Any CPU
		{C5D28A3F-4D66-400A-8243-4D23BEF5BC21}.Debug|Any CPU.Build.0 = Debug|Any CPU
		{C5D28A3F-4D66-400A-8243-4D23BEF5BC21}.Debug|Mixed Platforms.ActiveCfg = Debug|Any CPU
		{C5D28A3F-4D66-400A-8243-4D23BEF5BC21}.Debug|Mixed Platforms.Build.0 = Debug|Any CPU
		{C5D28A3F-4D66-400A-8243-4D23BEF5BC21}.Debug|x86.ActiveCfg = Debug|Any CPU
		{C5D28A3F-4D66-400A-8243-4D23BEF5BC21}.Release|Any CPU.ActiveCfg = Release|Any CPU
		{C5D28A3F-4D66-400A-8243-4D23BEF5BC21}.Release|Any CPU.Build.0 = Release|Any CPU
		{C5D28A3F-4D66-400A-8243-4D23BEF5BC21}.Release|Mixed Platforms.ActiveCfg = Release|Any CPU
		{C5D28A3F-4D66-400A-8243-4D23BEF5BC21}.Release|Mixed Platforms.Build.0 = Release|Any CPU
		{C5D28A3F-4D66-400A-8243-4D23BEF5BC21}.Release|x86.ActiveCfg = Release|Any CPU
		{4BD9073B-8F73-4AD6-A222-CA17FB2D7270}.Debug|Any CPU.ActiveCfg = Debug|Any CPU
		{4BD9073B-8F73-4AD6-A222-CA17FB2D7270}.Debug|Any CPU.Build.0 = Debug|Any CPU
		{4BD9073B-8F73-4AD6-A222-CA17FB2D7270}.Debug|Mixed Platforms.ActiveCfg = Debug|Any CPU
		{4BD9073B-8F73-4AD6-A222-CA17FB2D7270}.Debug|Mixed Platforms.Build.0 = Debug|Any CPU
		{4BD9073B-8F73-4AD6-A222-CA17FB2D7270}.Debug|x86.ActiveCfg = Debug|Any CPU
		{4BD9073B-8F73-4AD6-A222-CA17FB2D7270}.Release|Any CPU.ActiveCfg = Release|Any CPU
		{4BD9073B-8F73-4AD6-A222-CA17FB2D7270}.Release|Any CPU.Build.0 = Release|Any CPU
		{4BD9073B-8F73-4AD6-A222-CA17FB2D7270}.Release|Mixed Platforms.ActiveCfg = Release|Any CPU
		{4BD9073B-8F73-4AD6-A222-CA17FB2D7270}.Release|Mixed Platforms.Build.0 = Release|Any CPU
		{4BD9073B-8F73-4AD6-A222-CA17FB2D7270}.Release|x86.ActiveCfg = Release|Any CPU
	EndGlobalSection
	GlobalSection(SolutionProperties) = preSolution
		HideSolutionNode = FALSE
	EndGlobalSection
EndGlobal
